
Microsoft Visual Studio Solution File, Format Version 11.00
# Visual Studio 2010
Project("{FD8A01E6-12A1-461A-AF0E-51EBE962703F}") = "Ping", "Ping\Ping.tproj", "{C39F93FE-AF1B-4282-8074-CF745FB868E3}"
EndProject
Project("{FAE04EC0-301F-11D3-BF4B-00C04F79EFBC}") = "PingTest", "PingTest\PingTest.csproj", "{B376AF7D-DB5C-485B-9AA5-083DC8CA3A78}"
EndProject
Global
	GlobalSection(SolutionConfigurationPlatforms) = preSolution
		Debug|x64 = Debug|x64
		Debug|x86 = Debug|x86
		Release|x64 = Release|x64
		Release|x86 = Release|x86
	EndGlobalSection
	GlobalSection(ProjectConfigurationPlatforms) = postSolution
		{C39F93FE-AF1B-4282-8074-CF745FB868E3}.Debug|x64.ActiveCfg = Debug|x86
		{C39F93FE-AF1B-4282-8074-CF745FB868E3}.Debug|x64.Build.0 = Debug|x86
		{C39F93FE-AF1B-4282-8074-CF745FB868E3}.Debug|x86.ActiveCfg = Debug|x86
		{C39F93FE-AF1B-4282-8074-CF745FB868E3}.Debug|x86.Build.0 = Debug|x86
		{C39F93FE-AF1B-4282-8074-CF745FB868E3}.Release|x64.ActiveCfg = Release|x86
		{C39F93FE-AF1B-4282-8074-CF745FB868E3}.Release|x86.ActiveCfg = Release|x86
		{C39F93FE-AF1B-4282-8074-CF745FB868E3}.Release|x86.Build.0 = Release|x86
		{B376AF7D-DB5C-485B-9AA5-083DC8CA3A78}.Debug|x64.ActiveCfg = Debug|x64
		{B376AF7D-DB5C-485B-9AA5-083DC8CA3A78}.Debug|x64.Build.0 = Debug|x64
		{B376AF7D-DB5C-485B-9AA5-083DC8CA3A78}.Debug|x86.ActiveCfg = Debug|x86
		{B376AF7D-DB5C-485B-9AA5-083DC8CA3A78}.Debug|x86.Build.0 = Debug|x86
		{B376AF7D-DB5C-485B-9AA5-083DC8CA3A78}.Release|x64.ActiveCfg = Release|x64
		{B376AF7D-DB5C-485B-9AA5-083DC8CA3A78}.Release|x64.Build.0 = Release|x64
		{B376AF7D-DB5C-485B-9AA5-083DC8CA3A78}.Release|x86.ActiveCfg = Release|x86
		{B376AF7D-DB5C-485B-9AA5-083DC8CA3A78}.Release|x86.Build.0 = Release|x86
	EndGlobalSection
	GlobalSection(SolutionProperties) = preSolution
		HideSolutionNode = FALSE
	EndGlobalSection
EndGlobal
