
Microsoft Visual Studio Solution File, Format Version 11.00
# Visual Studio 2010
Project("{FAE04EC0-301F-11D3-BF4B-00C04F79EFBC}") = "Friends", "Friends\Friends.csproj", "{8E663C43-C640-41D6-B9BC-ABB114A4AD7D}"
EndProject
Project("{FD8A01E6-12A1-461A-AF0E-51EBE962703F}") = "FriendsCell", "FriendsCell\FriendsCell.tproj", "{81816C63-D7CA-4735-B0D6-A7E36080169B}"
EndProject
Global
	GlobalSection(SolutionConfigurationPlatforms) = preSolution
		Debug|x64 = Debug|x64
		Debug|x86 = Debug|x86
		Release|x64 = Release|x64
		Release|x86 = Release|x86
	EndGlobalSection
	GlobalSection(ProjectConfigurationPlatforms) = postSolution
		{8E663C43-C640-41D6-B9BC-ABB114A4AD7D}.Debug|x64.ActiveCfg = Debug|x64
		{8E663C43-C640-41D6-B9BC-ABB114A4AD7D}.Debug|x64.Build.0 = Debug|x64
		{8E663C43-C640-41D6-B9BC-ABB114A4AD7D}.Debug|x86.ActiveCfg = Debug|x86
		{8E663C43-C640-41D6-B9BC-ABB114A4AD7D}.Debug|x86.Build.0 = Debug|x86
		{8E663C43-C640-41D6-B9BC-ABB114A4AD7D}.Release|x64.ActiveCfg = Release|x64
		{8E663C43-C640-41D6-B9BC-ABB114A4AD7D}.Release|x64.Build.0 = Release|x64
		{8E663C43-C640-41D6-B9BC-ABB114A4AD7D}.Release|x86.ActiveCfg = Release|x86
		{8E663C43-C640-41D6-B9BC-ABB114A4AD7D}.Release|x86.Build.0 = Release|x86
		{81816C63-D7CA-4735-B0D6-A7E36080169B}.Debug|x64.ActiveCfg = Debug|x86
		{81816C63-D7CA-4735-B0D6-A7E36080169B}.Debug|x86.ActiveCfg = Debug|x86
		{81816C63-D7CA-4735-B0D6-A7E36080169B}.Debug|x86.Build.0 = Debug|x86
		{81816C63-D7CA-4735-B0D6-A7E36080169B}.Release|x64.ActiveCfg = Release|x86
		{81816C63-D7CA-4735-B0D6-A7E36080169B}.Release|x86.ActiveCfg = Release|x86
		{81816C63-D7CA-4735-B0D6-A7E36080169B}.Release|x86.Build.0 = Release|x86
	EndGlobalSection
	GlobalSection(SolutionProperties) = preSolution
		HideSolutionNode = FALSE
	EndGlobalSection
EndGlobal
